
Microsoft Visual Studio Solution File, Format Version 12.00
# Visual Studio Version 17
VisualStudioVersion = 17.2.32630.192
MinimumVisualStudioVersion = 10.0.40219.1
Project("{9A19103F-16F7-4668-BE54-9A1E7A4F7556}") = "041_ClasseTriangulo", "039_ClasseTriangulo\041_ClasseTriangulo.csproj", "{EC66F136-30FB-4CE1-896A-32BD4CEBF145}"
EndProject
Global
	GlobalSection(SolutionConfigurationPlatforms) = preSolution
		Debug|Any CPU = Debug|Any CPU
		Release|Any CPU = Release|Any CPU
	EndGlobalSection
	GlobalSection(ProjectConfigurationPlatforms) = postSolution
		{EC66F136-30FB-4CE1-896A-32BD4CEBF145}.Debug|Any CPU.ActiveCfg = Debug|Any CPU
		{EC66F136-30FB-4CE1-896A-32BD4CEBF145}.Debug|Any CPU.Build.0 = Debug|Any CPU
		{EC66F136-30FB-4CE1-896A-32BD4CEBF145}.Release|Any CPU.ActiveCfg = Release|Any CPU
		{EC66F136-30FB-4CE1-896A-32BD4CEBF145}.Release|Any CPU.Build.0 = Release|Any CPU
	EndGlobalSection
	GlobalSection(SolutionProperties) = preSolution
		HideSolutionNode = FALSE
	EndGlobalSection
	GlobalSection(ExtensibilityGlobals) = postSolution
		SolutionGuid = {EF32A80A-93E8-477F-A4B1-9198D92D0AA6}
	EndGlobalSection
EndGlobal
