
Microsoft Visual Studio Solution File, Format Version 12.00
# Visual Studio Version 17
VisualStudioVersion = 17.2.32505.173
MinimumVisualStudioVersion = 10.0.40219.1
Project("{FAE04EC0-301F-11D3-BF4B-00C04F79EFBC}") = "45_2_Funcionario", "45_2_Funcionario.csproj", "{DBFC16D9-437A-4440-8D6F-AAC2E548EAB2}"
EndProject
Global
	GlobalSection(SolutionConfigurationPlatforms) = preSolution
		Debug|Any CPU = Debug|Any CPU
		Release|Any CPU = Release|Any CPU
	EndGlobalSection
	GlobalSection(ProjectConfigurationPlatforms) = postSolution
		{DBFC16D9-437A-4440-8D6F-AAC2E548EAB2}.Debug|Any CPU.ActiveCfg = Debug|Any CPU
		{DBFC16D9-437A-4440-8D6F-AAC2E548EAB2}.Debug|Any CPU.Build.0 = Debug|Any CPU
		{DBFC16D9-437A-4440-8D6F-AAC2E548EAB2}.Release|Any CPU.ActiveCfg = Release|Any CPU
		{DBFC16D9-437A-4440-8D6F-AAC2E548EAB2}.Release|Any CPU.Build.0 = Release|Any CPU
	EndGlobalSection
	GlobalSection(SolutionProperties) = preSolution
		HideSolutionNode = FALSE
	EndGlobalSection
	GlobalSection(ExtensibilityGlobals) = postSolution
		SolutionGuid = {1CE1EF8F-4B25-45E0-BE06-BA2B645F6ADA}
	EndGlobalSection
EndGlobal
