
Microsoft Visual Studio Solution File, Format Version 12.00
# Visual Studio Version 17
VisualStudioVersion = 17.2.32630.192
MinimumVisualStudioVersion = 10.0.40219.1
Project("{FAE04EC0-301F-11D3-BF4B-00C04F79EFBC}") = "230. Introdução a delegates", "230. Introdução a delegates\230. Introdução a delegates.csproj", "{2880ECD6-F22D-4282-9E7D-C5AF4F75DFAC}"
EndProject
Project("{FAE04EC0-301F-11D3-BF4B-00C04F79EFBC}") = "232.Predicate-exemplor com RemoveAll", "232.Predicate-exemplor com RemoveAll\232.Predicate-exemplor com RemoveAll.csproj", "{A0B27356-ED15-4C74-9A54-1F3C044727FC}"
EndProject
Global
	GlobalSection(SolutionConfigurationPlatforms) = preSolution
		Debug|Any CPU = Debug|Any CPU
		Release|Any CPU = Release|Any CPU
	EndGlobalSection
	GlobalSection(ProjectConfigurationPlatforms) = postSolution
		{2880ECD6-F22D-4282-9E7D-C5AF4F75DFAC}.Debug|Any CPU.ActiveCfg = Debug|Any CPU
		{2880ECD6-F22D-4282-9E7D-C5AF4F75DFAC}.Debug|Any CPU.Build.0 = Debug|Any CPU
		{2880ECD6-F22D-4282-9E7D-C5AF4F75DFAC}.Release|Any CPU.ActiveCfg = Release|Any CPU
		{2880ECD6-F22D-4282-9E7D-C5AF4F75DFAC}.Release|Any CPU.Build.0 = Release|Any CPU
		{A0B27356-ED15-4C74-9A54-1F3C044727FC}.Debug|Any CPU.ActiveCfg = Debug|Any CPU
		{A0B27356-ED15-4C74-9A54-1F3C044727FC}.Debug|Any CPU.Build.0 = Debug|Any CPU
		{A0B27356-ED15-4C74-9A54-1F3C044727FC}.Release|Any CPU.ActiveCfg = Release|Any CPU
		{A0B27356-ED15-4C74-9A54-1F3C044727FC}.Release|Any CPU.Build.0 = Release|Any CPU
	EndGlobalSection
	GlobalSection(SolutionProperties) = preSolution
		HideSolutionNode = FALSE
	EndGlobalSection
	GlobalSection(ExtensibilityGlobals) = postSolution
		SolutionGuid = {44402D47-1477-4110-BBF6-EF67469E7490}
	EndGlobalSection
EndGlobal
