
Microsoft Visual Studio Solution File, Format Version 12.00
# Visual Studio Version 17
VisualStudioVersion = 17.2.32630.192
MinimumVisualStudioVersion = 10.0.40219.1
Project("{9A19103F-16F7-4668-BE54-9A1E7A4F7556}") = "213.Generics Parte 1", "213.Generics Parte 1\213.Generics Parte 1.csproj", "{3D15CCB6-A635-4327-B6C2-09A1BFF92A96}"
EndProject
Project("{9A19103F-16F7-4668-BE54-9A1E7A4F7556}") = "215. Restrições de generics", "215. Restrições de generics\215. Restrições de generics.csproj", "{925DE031-F9EA-4A41-8EA4-21CC3F1A9BA2}"
EndProject
Global
	GlobalSection(SolutionConfigurationPlatforms) = preSolution
		Debug|Any CPU = Debug|Any CPU
		Release|Any CPU = Release|Any CPU
	EndGlobalSection
	GlobalSection(ProjectConfigurationPlatforms) = postSolution
		{3D15CCB6-A635-4327-B6C2-09A1BFF92A96}.Debug|Any CPU.ActiveCfg = Debug|Any CPU
		{3D15CCB6-A635-4327-B6C2-09A1BFF92A96}.Debug|Any CPU.Build.0 = Debug|Any CPU
		{3D15CCB6-A635-4327-B6C2-09A1BFF92A96}.Release|Any CPU.ActiveCfg = Release|Any CPU
		{3D15CCB6-A635-4327-B6C2-09A1BFF92A96}.Release|Any CPU.Build.0 = Release|Any CPU
		{925DE031-F9EA-4A41-8EA4-21CC3F1A9BA2}.Debug|Any CPU.ActiveCfg = Debug|Any CPU
		{925DE031-F9EA-4A41-8EA4-21CC3F1A9BA2}.Debug|Any CPU.Build.0 = Debug|Any CPU
		{925DE031-F9EA-4A41-8EA4-21CC3F1A9BA2}.Release|Any CPU.ActiveCfg = Release|Any CPU
		{925DE031-F9EA-4A41-8EA4-21CC3F1A9BA2}.Release|Any CPU.Build.0 = Release|Any CPU
	EndGlobalSection
	GlobalSection(SolutionProperties) = preSolution
		HideSolutionNode = FALSE
	EndGlobalSection
	GlobalSection(ExtensibilityGlobals) = postSolution
		SolutionGuid = {4D1F4CD4-DE14-4E82-8D2D-F7D2437C251C}
	EndGlobalSection
EndGlobal
